<?xml version="1.0" encoding="utf-8"?>
<Project ToolsVersion="4.0" xmlns="http://schemas.microsoft.com/developer/msbuild/2003">
  <ItemGroup>
    <Filter Include="Source Files">
      <UniqueIdentifier>{4FC737F1-C7A5-4376-A066-2A32D752A2FF}</UniqueIdentifier>
      <Extensions>cpp;c;cc;cxx;def;odl;idl;hpj;bat;asm;asmx</Extensions>
    </Filter>
    <Filter Include="Header Files">
      <UniqueIdentifier>{93995380-89BD-4b04-88EB-625FBE52EBFB}</UniqueIdentifier>
      <Extensions>h;hh;hpp;hxx;hm;inl;inc;xsd</Extensions>
    </Filter>
    <Filter Include="Resource Files">
      <UniqueIdentifier>{67DA6AB6-F800-4c08-8B7A-83BB121AAD01}</UniqueIdentifier>
      <Extensions>rc;ico;cur;bmp;dlg;rc2;rct;bin;rgs;gif;jpg;jpeg;jpe;resx;tiff;tif;png;wav;mfcribbon-ms</Extensions>
    </Filter>
    <Filter Include="Header Files\Util">
      <UniqueIdentifier>{3d251fc8-e5f2-457a-a930-3a7acd920a4b}</UniqueIdentifier>
    </Filter>
    <Filter Include="Header Files\VM">
      <UniqueIdentifier>{2ba3ed00-6460-44dc-a091-3684aa3e2fbd}</UniqueIdentifier>
    </Filter>
    <Filter Include="Source Files\VM">
      <UniqueIdentifier>{4727f3ab-6090-4dbc-9a6a-a16043c94c7a}</UniqueIdentifier>
    </Filter>
    <Filter Include="Source Files\Util">
      <UniqueIdentifier>{93ec236f-9ce8-48a2-94c6-0d54af46773a}</UniqueIdentifier>
    </Filter>
    <Filter Include="Header Files\Assembler">
      <UniqueIdentifier>{d6497e7a-ea9f-4266-8ad4-9bbf2635d8ee}</UniqueIdentifier>
    </Filter>
    <Filter Include="Source Files\Assembler">
      <UniqueIdentifier>{f8478570-e981-49c7-877a-debdb72c0c2a}</UniqueIdentifier>
    </Filter>
    <Filter Include="Source Files\Library">
      <UniqueIdentifier>{f70b2594-8b3a-4092-be36-a51f881f7aba}</UniqueIdentifier>
    </Filter>
    <Filter Include="Header Files\Library">
      <UniqueIdentifier>{9c7ec142-b131-431e-ae0d-fb239b630bd3}</UniqueIdentifier>
    </Filter>
    <Filter Include="Source Files\Lang">
      <UniqueIdentifier>{ea2fe1d1-1b98-4120-ab18-d5a0b0135bc9}</UniqueIdentifier>
    </Filter>
  </ItemGroup>
  <ItemGroup>
    <ClInclude Include="ShogunVM.h">
      <Filter>Header Files</Filter>
    </ClInclude>
    <ClInclude Include="SVM_Exception.h">
      <Filter>Header Files\Util</Filter>
    </ClInclude>
    <ClInclude Include="SVM_Types.h">
      <Filter>Header Files\Util</Filter>
    </ClInclude>
    <ClInclude Include="SVM_Object.h">
      <Filter>Header Files\VM</Filter>
    </ClInclude>
    <ClInclude Include="SVM_StringUtils.h">
      <Filter>Header Files\Util</Filter>
    </ClInclude>
    <ClInclude Include="SVM_VirtualMachine.h">
      <Filter>Header Files\VM</Filter>
    </ClInclude>
    <ClInclude Include="SVM_Memory.h">
      <Filter>Header Files\VM</Filter>
    </ClInclude>
    <ClInclude Include="SVM_Opcodes.h">
      <Filter>Header Files\VM</Filter>
    </ClInclude>
    <ClInclude Include="SVM_ProgramUtils.h">
      <Filter>Header Files\Util</Filter>
    </ClInclude>
    <ClInclude Include="SVM_Lexer.h">
      <Filter>Header Files\Assembler</Filter>
    </ClInclude>
    <ClInclude Include="SVM_Parser.h">
      <Filter>Header Files\Assembler</Filter>
    </ClInclude>
    <ClInclude Include="SVM_AsmNode.h">
      <Filter>Header Files\Assembler</Filter>
    </ClInclude>
    <ClInclude Include="SVM_AsmWriter.h">
      <Filter>Header Files\Assembler</Filter>
    </ClInclude>
    <ClInclude Include="SVM_LibConsole.h">
      <Filter>Header Files\Library</Filter>
    </ClInclude>
    <ClInclude Include="SVM_LibMath.h">
      <Filter>Header Files\Library</Filter>
    </ClInclude>
  </ItemGroup>
  <ItemGroup>
    <ClCompile Include="ShogunVM.cpp">
      <Filter>Source Files</Filter>
    </ClCompile>
    <ClCompile Include="SVM_Object.cpp">
      <Filter>Source Files\VM</Filter>
    </ClCompile>
    <ClCompile Include="SVM_StringUtils.cpp">
      <Filter>Source Files\Util</Filter>
    </ClCompile>
    <ClCompile Include="SVM_Memory.cpp">
      <Filter>Source Files\VM</Filter>
    </ClCompile>
    <ClCompile Include="SVM_VirtualMachine.cpp">
      <Filter>Source Files\VM</Filter>
    </ClCompile>
    <ClCompile Include="SVM_Opcodes.cpp">
      <Filter>Source Files\VM</Filter>
    </ClCompile>
    <ClCompile Include="SVM_Lexer.cpp">
      <Filter>Source Files\Assembler</Filter>
    </ClCompile>
    <ClCompile Include="SVM_Parser.cpp">
      <Filter>Source Files\Assembler</Filter>
    </ClCompile>
    <ClCompile Include="SVM_LibConsole.cpp">
      <Filter>Source Files\Library</Filter>
    </ClCompile>
    <ClCompile Include="SVM_AsmWriter.cpp">
      <Filter>Source Files\Assembler</Filter>
    </ClCompile>
    <ClCompile Include="SVM_LibMath.cpp">
      <Filter>Source Files\Library</Filter>
    </ClCompile>
  </ItemGroup>
</Project>